<Project xmlns="http://schemas.microsoft.com/developer/msbuild/2003">
    <PropertyGroup>
        <ProjectGuid>{454D52C4-CCB7-4C5F-89BC-485E9B8EF20B}</ProjectGuid>
        <ProjectVersion>15.4</ProjectVersion>
        <FrameworkType>FMX</FrameworkType>
        <MainSource>fmConsulta.dpr</MainSource>
        <Base>True</Base>
        <Config Condition="'$(Config)'==''">Debug</Config>
        <Platform Condition="'$(Platform)'==''">Win32</Platform>
        <TargetedPlatforms>1</TargetedPlatforms>
        <AppType>Application</AppType>
    </PropertyGroup>
    <PropertyGroup Condition="'$(Config)'=='Base' or '$(Base)'!=''">
        <Base>true</Base>
    </PropertyGroup>
    <PropertyGroup Condition="('$(Platform)'=='OSX32' and '$(Base)'=='true') or '$(Base_OSX32)'!=''">
        <Base_OSX32>true</Base_OSX32>
        <CfgParent>Base</CfgParent>
        <Base>true</Base>
    </PropertyGroup>
    <PropertyGroup Condition="('$(Platform)'=='Win32' and '$(Base)'=='true') or '$(Base_Win32)'!=''">
        <Base_Win32>true</Base_Win32>
        <CfgParent>Base</CfgParent>
        <Base>true</Base>
    </PropertyGroup>
    <PropertyGroup Condition="('$(Platform)'=='Win64' and '$(Base)'=='true') or '$(Base_Win64)'!=''">
        <Base_Win64>true</Base_Win64>
        <CfgParent>Base</CfgParent>
        <Base>true</Base>
    </PropertyGroup>
    <PropertyGroup Condition="'$(Config)'=='Debug' or '$(Cfg_1)'!=''">
        <Cfg_1>true</Cfg_1>
        <CfgParent>Base</CfgParent>
        <Base>true</Base>
    </PropertyGroup>
    <PropertyGroup Condition="('$(Platform)'=='Win32' and '$(Cfg_1)'=='true') or '$(Cfg_1_Win32)'!=''">
        <Cfg_1_Win32>true</Cfg_1_Win32>
        <CfgParent>Cfg_1</CfgParent>
        <Cfg_1>true</Cfg_1>
        <Base>true</Base>
    </PropertyGroup>
    <PropertyGroup Condition="'$(Config)'=='Release' or '$(Cfg_2)'!=''">
        <Cfg_2>true</Cfg_2>
        <CfgParent>Base</CfgParent>
        <Base>true</Base>
    </PropertyGroup>
    <PropertyGroup Condition="'$(Base)'!=''">
        <Icon_MainIcon>$(BDS)\bin\delphi_PROJECTICON.ico</Icon_MainIcon>
        <DCC_Namespace>System;Xml;Data;Datasnap;Web;Soap;$(DCC_Namespace)</DCC_Namespace>
        <SanitizedProjectName>fmConsulta</SanitizedProjectName>
        <Icns_MainIcns>$(BDS)\bin\delphi_PROJECTICNS.icns</Icns_MainIcns>
        <DCC_DcuOutput>.\$(Platform)\$(Config)</DCC_DcuOutput>
        <DCC_ExeOutput>.\$(Platform)\$(Config)</DCC_ExeOutput>
        <DCC_E>false</DCC_E>
        <DCC_N>false</DCC_N>
        <DCC_S>false</DCC_S>
        <DCC_F>false</DCC_F>
        <DCC_K>false</DCC_K>
    </PropertyGroup>
    <PropertyGroup Condition="'$(Base_OSX32)'!=''">
        <DCC_UsePackage>FireDACPgDriver;DBXInterBaseDriver;DataSnapServer;DataSnapCommon;DbxCommonDriver;dbxcds;CustomIPTransport;dsnap;IndyIPServer;IndyCore;CloudService;FmxTeeUI;FireDACIBDriver;dsnapxml;FireDACDb2Driver;bindcompfmx;FireDACODBCDriver;RESTBackendComponents;dbrtl;FireDACCommon;bindcomp;inetdb;DataBindings;xmlrtl;FireDACCommonDriver;bindengine;soaprtl;FMXTee;FireDACMSSQLDriver;DBXInformixDriver;DataSnapServerMidas;DBXFirebirdDriver;inet;FireDACMySQLDriver;soapmidas;DBXSybaseASADriver;RESTComponents;DSharp.Core;dbexpress;IndyIPClient;FireDACSqliteDriver;FireDACDSDriver;DBXSqliteDriver;fmx;IndySystem;tethering;DataSnapClient;DataSnapProviderClient;fmxFireDAC;DBXOracleDriver;fmxase;IndyIPCommon;DataSnapFireDAC;FireDACDBXDriver;soapserver;inetdbxpress;FireDACInfxDriver;FireDACASADriver;rtl;DbxClientDriver;DataSnapNativeClient;IndyProtocols;DBXMySQLDriver;bindcompdbx;FireDACADSDriver;FireDAC;fmxobj;FireDACOracleDriver;fmxdae;FireDACMSAccDriver;DataSnapIndy10ServerTransport;$(DCC_UsePackage)</DCC_UsePackage>
    </PropertyGroup>
    <PropertyGroup Condition="'$(Base_Win32)'!=''">
        <Manifest_File>$(BDS)\bin\default_app.manifest</Manifest_File>
        <VerInfo_IncludeVerInfo>true</VerInfo_IncludeVerInfo>
        <VerInfo_Locale>1033</VerInfo_Locale>
        <DCC_UsePackage>cxSchedulerTreeBrowserRS20;dxSkinOffice2007SilverRS20;cxGridRS20;dxFireDACServerModeRS20;dxPSdxLCLnkRS20;dxPScxExtCommonRS20;trn.axon;cxPageControlRS20;dxPSdxSpreadSheetLnkRS20;FireDACPgDriver;cnf.axon;DBXInterBaseDriver;DataSnapServer;DataSnapCommon;dxSkinsdxBarPainterRS20;dxSkinSharpRS20;DbxCommonDriver;dxLayoutControlRS20;vclimg;dxSkinSilverRS20;dxSkinsdxNavBarPainterRS20;dbxcds;DatasnapConnectorsFreePascal;dxPSCoreRS20;dxSkinOffice2013LightGrayRS20;vcldb;dxPSTeeChartRS20;dxSkinOffice2013WhiteRS20;dxSkinMcSkinRS20;est.axon;CustomIPTransport;dsnap;IndyIPServer;dxSkinCoffeeRS20;dxSkinOffice2010SilverRS20;IndyCore;dxSkinGlassOceansRS20;dxComnRS20;CloudService;dxSkinOffice2013DarkGrayRS20;dxFlowChartRS20;FmxTeeUI;FireDACIBDriver;dxSkinOffice2007PinkRS20;pckUCDataConnector;dxSkinSpringTimeRS20;dxDBXServerModeRS20;cxTreeListdxBarPopupMenuRS20;dxPsPrVwAdvRS20;dxSkiniMaginaryRS20;dxPScxGridLnkRS20;dxSkinDevExpressDarkStyleRS20;cxSchedulerGridRS20;dxtrmdRS20;dsnapxml;dxSpreadSheetRS20;FireDACDb2Driver;dxSkinMoneyTwinsRS20;dxSkinOffice2007GreenRS20;dxPScxTLLnkRS20;dxRichEditControlRS20;cxPivotGridOLAPRS20;dxPSdxFCLnkRS20;dxPSdxGaugeControlLnkRS20;bindcompfmx;vcldbx;FireDACODBCDriver;RESTBackendComponents;dbrtl;FireDACCommon;bindcomp;inetdb;DataBindings;DBXOdbcDriver;vclFireDAC;xmlrtl;UIBD20Win32R;dxSkinOffice2007BlackRS20;FireDACCommonDriver;bindengine;vclactnband;soaprtl;FMXTee;dxGDIPlusRS20;bindcompvcl;vclie;cxVerticalGridRS20;cxSchedulerRS20;dxSkinBlackRS20;FireDACMSSQLDriver;DBXInformixDriver;dxSkinSummer2008RS20;Intraweb;cxBarEditItemRS20;DataSnapServerMidas;dsnapcon;DBXFirebirdDriver;inet;dxSkinDarkSideRS20;cxDataRS20;dxBarRS20;CopyCatFireDAC_XE6;FireDACMySQLDriver;soapmidas;vclx;dxPScxVGridLnkRS20;dxSkinLondonLiquidSkyRS20;dxCoreRS20;DBXSybaseASADriver;rpt.axon;RESTComponents;DSharp.Core;dxPSPrVwRibbonRS20;dbexpress;dxPSLnksRS20;IndyIPClient;dxSpellCheckerRS20;dxBarExtItemsRS20;pckMD5;dxdbtrRS20;FireDACSqliteDriver;FireDACDSDriver;cxSchedulerRibbonStyleEventEditorRS20;DBXSqliteDriver;FixInsight_XE6;fmx;TreeViewPresenter;dxSkinVS2010RS20;IndySystem;dxSkinXmas2008BlueRS20;TeeDB;tethering;axn.bco.core;dxPScxPCProdRS20;CopyCatUIB_XE6;inetdbbde;dxTabbedMDIRS20;DataSnapClient;trn.cxc.axon;dxmdsRS20;DataSnapProviderClient;DBXSybaseASEDriver;dxdborRS20;dxPSdxDBTVLnkRS20;Usertility200;OnGuardDR;MetropolisUILiveTile;dxSkinCaramelRS20;dxPScxSchedulerLnkRS20;dxSkinLiquidSkyRS20;axn.bco.cons;vcldsnap;dxGaugeControlRS20;dxSkinDevExpressStyleRS20;fmxFireDAC;cxPivotGridChartRS20;DBXDb2Driver;DBXOracleDriver;dxSkinOffice2010BlueRS20;vclribbon;cxExportRS20;dxServerModeRS20;dxSkinscxSchedulerPainterRS20;vcl.axon;dxSkinMetropolisDarkRS20;fmxase;vcl;DBXMSSQLDriver;IndyIPCommon;CodeSiteExpressPkg;dxSkinBlueRS20;trn.fct.axon;dxSkinOffice2010BlackRS20;DataSnapFireDAC;FireDACDBXDriver;dxBarExtDBItemsRS20;dxSkinsdxDLPainterRS20;soapserver;dxPSDBTeeChartRS20;axn.bco.catalogo;inetdbxpress;dxSkinFoggyRS20;dxSkinBlueprintRS20;dxSkinSharpPlusRS20;dxADOServerModeRS20;FireDACInfxDriver;cxPivotGridRS20;adortl;dxRibbonRS20;FireDACASADriver;dxSkinHighContrastRS20;pckUCDBXConn;dxSkinTheAsphaltWorldRS20;axon;QR506RunDXE6;dxSkinscxPCPainterRS20;dxBarDBNavRS20;rtl;DbxClientDriver;dxSkinMetropolisRS20;dxNavBarRS20;dxDockingRS20;Tee;dxSkinOffice2007BlueRS20;dxSkinsdxRibbonPainterRS20;pckUserControl_RT;dxSkinValentineRS20;CopyCat_XE6;DataSnapNativeClient;svnui;IndyProtocols;DBXMySQLDriver;dxSkinSevenClassicRS20;dxPScxCommonRS20;dxSkinPumpkinRS20;bindcompdbx;TeeUI;dxSkinDarkRoomRS20;FireDACADSDriver;vcltouch;dxSkinStardustRS20;cxEditorsRS20;dxorgcRS20;dxPSdxDBOCLnkRS20;VclSmp;FireDAC;VCLRESTComponents;dxSkinsCoreRS20;axn.bco.mov.creditos;DataSnapConnectors;dxSkinSevenRS20;axn.bco.mov.debitos;cxLibraryRS20;fmxobj;cads14;dxMapControlRS20;dxSkinLilianRS20;dxWizardControlRS20;svn;FireDACOracleDriver;fmxdae;dxSkinWhiteprintRS20;dxPScxPivotGridLnkRS20;bdertl;VirtualTreesR;dxThemeRS20;dxPSdxOCLnkRS20;FireDACMSAccDriver;DataSnapIndy10ServerTransport;cxTreeListRS20;dxTileControlRS20;TMSFMXPackPkgDXE6;TMSFMXPackPkgDEDXE6;$(DCC_UsePackage)</DCC_UsePackage>
        <VerInfo_Keys>CompanyName=;FileDescription=;FileVersion=1.0.0.0;InternalName=;LegalCopyright=;LegalTrademarks=;OriginalFilename=;ProductName=;ProductVersion=1.0.0.0;Comments=</VerInfo_Keys>
        <DCC_Namespace>Winapi;System.Win;Data.Win;Datasnap.Win;Web.Win;Soap.Win;Xml.Win;Bde;$(DCC_Namespace)</DCC_Namespace>
    </PropertyGroup>
    <PropertyGroup Condition="'$(Base_Win64)'!=''">
        <DCC_UsePackage>cxSchedulerTreeBrowserRS20;dxSkinOffice2007SilverRS20;cxGridRS20;dxFireDACServerModeRS20;dxPSdxLCLnkRS20;dxPScxExtCommonRS20;cxPageControlRS20;dxPSdxSpreadSheetLnkRS20;FireDACPgDriver;DBXInterBaseDriver;DataSnapServer;DataSnapCommon;dxSkinsdxBarPainterRS20;dxSkinSharpRS20;DbxCommonDriver;dxLayoutControlRS20;vclimg;dxSkinSilverRS20;dxSkinsdxNavBarPainterRS20;dbxcds;DatasnapConnectorsFreePascal;dxPSCoreRS20;dxSkinOffice2013LightGrayRS20;vcldb;dxPSTeeChartRS20;dxSkinOffice2013WhiteRS20;dxSkinMcSkinRS20;CustomIPTransport;dsnap;IndyIPServer;dxSkinCoffeeRS20;dxSkinOffice2010SilverRS20;IndyCore;dxSkinGlassOceansRS20;dxComnRS20;CloudService;dxSkinOffice2013DarkGrayRS20;dxFlowChartRS20;FmxTeeUI;FireDACIBDriver;dxSkinOffice2007PinkRS20;dxSkinSpringTimeRS20;dxDBXServerModeRS20;cxTreeListdxBarPopupMenuRS20;dxPsPrVwAdvRS20;dxSkiniMaginaryRS20;dxPScxGridLnkRS20;dxSkinDevExpressDarkStyleRS20;cxSchedulerGridRS20;dxtrmdRS20;dsnapxml;dxSpreadSheetRS20;FireDACDb2Driver;dxSkinMoneyTwinsRS20;dxSkinOffice2007GreenRS20;dxPScxTLLnkRS20;dxRichEditControlRS20;cxPivotGridOLAPRS20;dxPSdxFCLnkRS20;dxPSdxGaugeControlLnkRS20;bindcompfmx;FireDACODBCDriver;RESTBackendComponents;dbrtl;FireDACCommon;bindcomp;inetdb;DataBindings;DBXOdbcDriver;vclFireDAC;xmlrtl;dxSkinOffice2007BlackRS20;FireDACCommonDriver;bindengine;vclactnband;soaprtl;FMXTee;dxGDIPlusRS20;bindcompvcl;vclie;cxVerticalGridRS20;cxSchedulerRS20;dxSkinBlackRS20;FireDACMSSQLDriver;DBXInformixDriver;dxSkinSummer2008RS20;Intraweb;cxBarEditItemRS20;DataSnapServerMidas;dsnapcon;DBXFirebirdDriver;inet;dxSkinDarkSideRS20;cxDataRS20;dxBarRS20;FireDACMySQLDriver;soapmidas;vclx;dxPScxVGridLnkRS20;dxSkinLondonLiquidSkyRS20;dxCoreRS20;DBXSybaseASADriver;RESTComponents;DSharp.Core;dxPSPrVwRibbonRS20;dbexpress;dxPSLnksRS20;IndyIPClient;dxSpellCheckerRS20;dxBarExtItemsRS20;dxdbtrRS20;FireDACSqliteDriver;FireDACDSDriver;cxSchedulerRibbonStyleEventEditorRS20;DBXSqliteDriver;fmx;TreeViewPresenter;dxSkinVS2010RS20;IndySystem;dxSkinXmas2008BlueRS20;TeeDB;tethering;dxPScxPCProdRS20;dxTabbedMDIRS20;DataSnapClient;dxmdsRS20;DataSnapProviderClient;DBXSybaseASEDriver;dxdborRS20;dxPSdxDBTVLnkRS20;OnGuardDR;MetropolisUILiveTile;dxSkinCaramelRS20;dxPScxSchedulerLnkRS20;dxSkinLiquidSkyRS20;vcldsnap;dxGaugeControlRS20;dxSkinDevExpressStyleRS20;fmxFireDAC;cxPivotGridChartRS20;DBXDb2Driver;DBXOracleDriver;dxSkinOffice2010BlueRS20;vclribbon;cxExportRS20;dxServerModeRS20;dxSkinscxSchedulerPainterRS20;dxSkinMetropolisDarkRS20;fmxase;vcl;DBXMSSQLDriver;IndyIPCommon;dxSkinBlueRS20;dxSkinOffice2010BlackRS20;DataSnapFireDAC;FireDACDBXDriver;dxBarExtDBItemsRS20;dxSkinsdxDLPainterRS20;soapserver;dxPSDBTeeChartRS20;inetdbxpress;dxSkinFoggyRS20;dxSkinBlueprintRS20;dxSkinSharpPlusRS20;dxADOServerModeRS20;FireDACInfxDriver;cxPivotGridRS20;adortl;dxRibbonRS20;FireDACASADriver;dxSkinHighContrastRS20;dxSkinTheAsphaltWorldRS20;dxSkinscxPCPainterRS20;dxBarDBNavRS20;rtl;DbxClientDriver;dxSkinMetropolisRS20;dxNavBarRS20;dxDockingRS20;Tee;dxSkinOffice2007BlueRS20;dxSkinsdxRibbonPainterRS20;dxSkinValentineRS20;DataSnapNativeClient;IndyProtocols;DBXMySQLDriver;dxSkinSevenClassicRS20;dxPScxCommonRS20;dxSkinPumpkinRS20;bindcompdbx;TeeUI;dxSkinDarkRoomRS20;FireDACADSDriver;vcltouch;dxSkinStardustRS20;cxEditorsRS20;dxorgcRS20;dxPSdxDBOCLnkRS20;VclSmp;FireDAC;VCLRESTComponents;dxSkinsCoreRS20;axn.bco.mov.creditos;DataSnapConnectors;dxSkinSevenRS20;cxLibraryRS20;fmxobj;dxMapControlRS20;dxSkinLilianRS20;dxWizardControlRS20;FireDACOracleDriver;fmxdae;dxSkinWhiteprintRS20;dxPScxPivotGridLnkRS20;VirtualTreesR;dxThemeRS20;dxPSdxOCLnkRS20;FireDACMSAccDriver;DataSnapIndy10ServerTransport;cxTreeListRS20;dxTileControlRS20;$(DCC_UsePackage)</DCC_UsePackage>
    </PropertyGroup>
    <PropertyGroup Condition="'$(Cfg_1)'!=''">
        <DCC_Define>DEBUG;$(DCC_Define)</DCC_Define>
        <DCC_DebugDCUs>true</DCC_DebugDCUs>
        <DCC_Optimize>false</DCC_Optimize>
        <DCC_GenerateStackFrames>true</DCC_GenerateStackFrames>
        <DCC_DebugInfoInExe>true</DCC_DebugInfoInExe>
        <DCC_RemoteDebug>true</DCC_RemoteDebug>
    </PropertyGroup>
    <PropertyGroup Condition="'$(Cfg_1_Win32)'!=''">
        <DCC_RemoteDebug>false</DCC_RemoteDebug>
    </PropertyGroup>
    <PropertyGroup Condition="'$(Cfg_2)'!=''">
        <DCC_LocalDebugSymbols>false</DCC_LocalDebugSymbols>
        <DCC_Define>RELEASE;$(DCC_Define)</DCC_Define>
        <DCC_SymbolReferenceInfo>0</DCC_SymbolReferenceInfo>
        <DCC_DebugInformation>0</DCC_DebugInformation>
    </PropertyGroup>
    <ItemGroup>
        <DelphiCompile Include="$(MainSource)">
            <MainSource>MainSource</MainSource>
        </DelphiCompile>
        <DCCReference Include="ufrmPruebas.pas">
            <Form>Form2</Form>
            <FormType>fmx</FormType>
        </DCCReference>
        <DCCReference Include="ufrmConsulta.pas">
            <Form>Form3</Form>
            <FormType>fmx</FormType>
        </DCCReference>
        <BuildConfiguration Include="Release">
            <Key>Cfg_2</Key>
            <CfgParent>Base</CfgParent>
        </BuildConfiguration>
        <BuildConfiguration Include="Base">
            <Key>Base</Key>
        </BuildConfiguration>
        <BuildConfiguration Include="Debug">
            <Key>Cfg_1</Key>
            <CfgParent>Base</CfgParent>
        </BuildConfiguration>
    </ItemGroup>
    <ProjectExtensions>
        <Borland.Personality>Delphi.Personality.12</Borland.Personality>
        <Borland.ProjectType/>
        <BorlandProject>
            <Delphi.Personality>
                <Source>
                    <Source Name="MainSource">fmConsulta.dpr</Source>
                </Source>
                <Excluded_Packages>
                    <Excluded_Packages Name="C:\Users\Public\Documents\Embarcadero\Studio\14.0\Bpl\dorm_designtime200.bpl">DORM Design Time</Excluded_Packages>
                    <Excluded_Packages Name="$(BDSBIN)\bcboffice2k200.bpl">Embarcadero C++Builder Office 2000 Servers Package</Excluded_Packages>
                    <Excluded_Packages Name="$(BDSBIN)\bcbofficexp200.bpl">Embarcadero C++Builder Office XP Servers Package</Excluded_Packages>
                    <Excluded_Packages Name="$(BDSBIN)\dcloffice2k200.bpl">Microsoft Office 2000 Sample Automation Server Wrapper Components</Excluded_Packages>
                    <Excluded_Packages Name="$(BDSBIN)\dclofficexp200.bpl">Microsoft Office XP Sample Automation Server Wrapper Components</Excluded_Packages>
                </Excluded_Packages>
            </Delphi.Personality>
            <Deployment/>
            <Platforms>
                <Platform value="OSX32">False</Platform>
                <Platform value="Win32">True</Platform>
                <Platform value="Win64">False</Platform>
            </Platforms>
        </BorlandProject>
        <ProjectFileVersion>12</ProjectFileVersion>
    </ProjectExtensions>
    <Import Project="$(BDS)\Bin\CodeGear.Delphi.Targets" Condition="Exists('$(BDS)\Bin\CodeGear.Delphi.Targets')"/>
    <Import Project="$(APPDATA)\Embarcadero\$(BDSAPPDATABASEDIR)\$(PRODUCTVERSION)\UserTools.proj" Condition="Exists('$(APPDATA)\Embarcadero\$(BDSAPPDATABASEDIR)\$(PRODUCTVERSION)\UserTools.proj')"/>
</Project>
